
Microsoft Visual Studio Solution File, Format Version 12.00
# Visual Studio Version 16
VisualStudioVersion = 16.0.29001.49
MinimumVisualStudioVersion = 10.0.40219.1
Project("{9092AA53-FB77-4645-B42D-1CCCA6BD08BD}") = "SpreadOperator", "SpreadOperator\SpreadOperator.njsproj", "{A878A8D9-59E8-4D45-A44C-F2BB3616257E}"
EndProject
Global
	GlobalSection(SolutionConfigurationPlatforms) = preSolution
		Debug|Any CPU = Debug|Any CPU
		Release|Any CPU = Release|Any CPU
	EndGlobalSection
	GlobalSection(ProjectConfigurationPlatforms) = postSolution
		{A878A8D9-59E8-4D45-A44C-F2BB3616257E}.Debug|Any CPU.ActiveCfg = Debug|Any CPU
		{A878A8D9-59E8-4D45-A44C-F2BB3616257E}.Debug|Any CPU.Build.0 = Debug|Any CPU
		{A878A8D9-59E8-4D45-A44C-F2BB3616257E}.Release|Any CPU.ActiveCfg = Release|Any CPU
		{A878A8D9-59E8-4D45-A44C-F2BB3616257E}.Release|Any CPU.Build.0 = Release|Any CPU
	EndGlobalSection
	GlobalSection(SolutionProperties) = preSolution
		HideSolutionNode = FALSE
	EndGlobalSection
	GlobalSection(ExtensibilityGlobals) = postSolution
		SolutionGuid = {0101FBAE-E1BA-4E67-9E10-647843DD3EA3}
	EndGlobalSection
EndGlobal
