
Microsoft Visual Studio Solution File, Format Version 12.00
# Visual Studio Version 16
VisualStudioVersion = 16.0.31205.134
MinimumVisualStudioVersion = 10.0.40219.1
Project("{9092AA53-FB77-4645-B42D-1CCCA6BD08BD}") = "MongoDBService", "MongoDBService\MongoDBService.njsproj", "{EA9DB25B-FCA0-4788-9911-C48ED6C7EF44}"
EndProject
Global
	GlobalSection(SolutionConfigurationPlatforms) = preSolution
		Debug|Any CPU = Debug|Any CPU
		Release|Any CPU = Release|Any CPU
	EndGlobalSection
	GlobalSection(ProjectConfigurationPlatforms) = postSolution
		{EA9DB25B-FCA0-4788-9911-C48ED6C7EF44}.Debug|Any CPU.ActiveCfg = Debug|Any CPU
		{EA9DB25B-FCA0-4788-9911-C48ED6C7EF44}.Debug|Any CPU.Build.0 = Debug|Any CPU
		{EA9DB25B-FCA0-4788-9911-C48ED6C7EF44}.Release|Any CPU.ActiveCfg = Release|Any CPU
		{EA9DB25B-FCA0-4788-9911-C48ED6C7EF44}.Release|Any CPU.Build.0 = Release|Any CPU
	EndGlobalSection
	GlobalSection(SolutionProperties) = preSolution
		HideSolutionNode = FALSE
	EndGlobalSection
	GlobalSection(ExtensibilityGlobals) = postSolution
		SolutionGuid = {4FB624C0-FF84-4481-8311-F26194D5F440}
	EndGlobalSection
EndGlobal
