
Microsoft Visual Studio Solution File, Format Version 12.00
# Visual Studio Version 16
VisualStudioVersion = 16.0.29009.5
MinimumVisualStudioVersion = 10.0.40219.1
Project("{9092AA53-FB77-4645-B42D-1CCCA6BD08BD}") = "ModuleIntegrityCheck", "ModuleIntegrityCheck\ModuleIntegrityCheck.njsproj", "{97ABE0EC-4492-4CD3-B908-8FE795A109CB}"
EndProject
Global
	GlobalSection(SolutionConfigurationPlatforms) = preSolution
		Debug|Any CPU = Debug|Any CPU
		Release|Any CPU = Release|Any CPU
	EndGlobalSection
	GlobalSection(ProjectConfigurationPlatforms) = postSolution
		{97ABE0EC-4492-4CD3-B908-8FE795A109CB}.Debug|Any CPU.ActiveCfg = Debug|Any CPU
		{97ABE0EC-4492-4CD3-B908-8FE795A109CB}.Debug|Any CPU.Build.0 = Debug|Any CPU
		{97ABE0EC-4492-4CD3-B908-8FE795A109CB}.Release|Any CPU.ActiveCfg = Release|Any CPU
		{97ABE0EC-4492-4CD3-B908-8FE795A109CB}.Release|Any CPU.Build.0 = Release|Any CPU
	EndGlobalSection
	GlobalSection(SolutionProperties) = preSolution
		HideSolutionNode = FALSE
	EndGlobalSection
	GlobalSection(ExtensibilityGlobals) = postSolution
		SolutionGuid = {0E7733FE-77CF-4A77-A61E-20CD3A325779}
	EndGlobalSection
EndGlobal
