{
  "name": "trace-events-perf",
  "version": "0.0.0",
  "lockfileVersion": 1,
  "requires": true,
  "dependencies": {
    "trace_events": {
      "version": "0.0.1",
      "resolved": "https://registry.npmjs.org/trace_events/-/trace_events-0.0.1.tgz",
      "integrity": "sha512-o5fWQ/A5svCeubzZXzFx/aWB1P8gZ1PpZDLD3joS+GaYAO8tLjGC5xtTUNRyQniJk39UJ6JpmLqQeeAtX8cRgw=="
    }
  }
}
