
Microsoft Visual Studio Solution File, Format Version 12.00
# Visual Studio Version 16
VisualStudioVersion = 16.0.29009.5
MinimumVisualStudioVersion = 10.0.40219.1
Project("{9092AA53-FB77-4645-B42D-1CCCA6BD08BD}") = "fspromise", "fspromise\fspromise.njsproj", "{088C3847-133A-40BC-AC10-F971504927A9}"
EndProject
Global
	GlobalSection(SolutionConfigurationPlatforms) = preSolution
		Debug|Any CPU = Debug|Any CPU
		Release|Any CPU = Release|Any CPU
	EndGlobalSection
	GlobalSection(ProjectConfigurationPlatforms) = postSolution
		{088C3847-133A-40BC-AC10-F971504927A9}.Debug|Any CPU.ActiveCfg = Debug|Any CPU
		{088C3847-133A-40BC-AC10-F971504927A9}.Debug|Any CPU.Build.0 = Debug|Any CPU
		{088C3847-133A-40BC-AC10-F971504927A9}.Release|Any CPU.ActiveCfg = Release|Any CPU
		{088C3847-133A-40BC-AC10-F971504927A9}.Release|Any CPU.Build.0 = Release|Any CPU
	EndGlobalSection
	GlobalSection(SolutionProperties) = preSolution
		HideSolutionNode = FALSE
	EndGlobalSection
	GlobalSection(ExtensibilityGlobals) = postSolution
		SolutionGuid = {700068C0-5E67-46E4-9322-28106FF3FE86}
	EndGlobalSection
EndGlobal
