
Microsoft Visual Studio Solution File, Format Version 12.00
# Visual Studio Version 16
VisualStudioVersion = 16.0.29001.49
MinimumVisualStudioVersion = 10.0.40219.1
Project("{9092AA53-FB77-4645-B42D-1CCCA6BD08BD}") = "AsyncInParallel", "AsyncInParallel\AsyncInParallel.njsproj", "{6AD6B3B6-61F5-442D-8ABA-7EE4E1682541}"
EndProject
Global
	GlobalSection(SolutionConfigurationPlatforms) = preSolution
		Debug|Any CPU = Debug|Any CPU
		Release|Any CPU = Release|Any CPU
	EndGlobalSection
	GlobalSection(ProjectConfigurationPlatforms) = postSolution
		{6AD6B3B6-61F5-442D-8ABA-7EE4E1682541}.Debug|Any CPU.ActiveCfg = Debug|Any CPU
		{6AD6B3B6-61F5-442D-8ABA-7EE4E1682541}.Debug|Any CPU.Build.0 = Debug|Any CPU
		{6AD6B3B6-61F5-442D-8ABA-7EE4E1682541}.Release|Any CPU.ActiveCfg = Release|Any CPU
		{6AD6B3B6-61F5-442D-8ABA-7EE4E1682541}.Release|Any CPU.Build.0 = Release|Any CPU
	EndGlobalSection
	GlobalSection(SolutionProperties) = preSolution
		HideSolutionNode = FALSE
	EndGlobalSection
	GlobalSection(ExtensibilityGlobals) = postSolution
		SolutionGuid = {9BF5ACEF-BC9C-4228-AD3F-9E8AACFF60BE}
	EndGlobalSection
EndGlobal
