
Microsoft Visual Studio Solution File, Format Version 12.00
# Visual Studio Version 16
VisualStudioVersion = 16.0.29001.49
MinimumVisualStudioVersion = 10.0.40219.1
Project("{9092AA53-FB77-4645-B42D-1CCCA6BD08BD}") = "StringPadding", "StringPadding\StringPadding.njsproj", "{68A240B1-5D1C-48C1-873F-832E3605ACD2}"
EndProject
Global
	GlobalSection(SolutionConfigurationPlatforms) = preSolution
		Debug|Any CPU = Debug|Any CPU
		Release|Any CPU = Release|Any CPU
	EndGlobalSection
	GlobalSection(ProjectConfigurationPlatforms) = postSolution
		{68A240B1-5D1C-48C1-873F-832E3605ACD2}.Debug|Any CPU.ActiveCfg = Debug|Any CPU
		{68A240B1-5D1C-48C1-873F-832E3605ACD2}.Debug|Any CPU.Build.0 = Debug|Any CPU
		{68A240B1-5D1C-48C1-873F-832E3605ACD2}.Release|Any CPU.ActiveCfg = Release|Any CPU
		{68A240B1-5D1C-48C1-873F-832E3605ACD2}.Release|Any CPU.Build.0 = Release|Any CPU
	EndGlobalSection
	GlobalSection(SolutionProperties) = preSolution
		HideSolutionNode = FALSE
	EndGlobalSection
	GlobalSection(ExtensibilityGlobals) = postSolution
		SolutionGuid = {341500B9-3C92-4FCE-9A49-DE6B6C793453}
	EndGlobalSection
EndGlobal
