
Microsoft Visual Studio Solution File, Format Version 12.00
# Visual Studio 15
VisualStudioVersion = 15.0.28307.645
MinimumVisualStudioVersion = 10.0.40219.1
Project("{9092AA53-FB77-4645-B42D-1CCCA6BD08BD}") = "ReplServer", "ReplServer\ReplServer.njsproj", "{A445C51F-30DB-4D60-8BDE-8090404B5F2A}"
EndProject
Global
	GlobalSection(SolutionConfigurationPlatforms) = preSolution
		Debug|Any CPU = Debug|Any CPU
		Release|Any CPU = Release|Any CPU
	EndGlobalSection
	GlobalSection(ProjectConfigurationPlatforms) = postSolution
		{A445C51F-30DB-4D60-8BDE-8090404B5F2A}.Debug|Any CPU.ActiveCfg = Debug|Any CPU
		{A445C51F-30DB-4D60-8BDE-8090404B5F2A}.Debug|Any CPU.Build.0 = Debug|Any CPU
		{A445C51F-30DB-4D60-8BDE-8090404B5F2A}.Release|Any CPU.ActiveCfg = Release|Any CPU
		{A445C51F-30DB-4D60-8BDE-8090404B5F2A}.Release|Any CPU.Build.0 = Release|Any CPU
	EndGlobalSection
	GlobalSection(SolutionProperties) = preSolution
		HideSolutionNode = FALSE
	EndGlobalSection
	GlobalSection(ExtensibilityGlobals) = postSolution
		SolutionGuid = {1A2E4084-7D2C-446E-8840-A9ED3890D814}
	EndGlobalSection
EndGlobal
