
Microsoft Visual Studio Solution File, Format Version 12.00
# Visual Studio Version 16
VisualStudioVersion = 16.0.29001.49
MinimumVisualStudioVersion = 10.0.40219.1
Project("{9092AA53-FB77-4645-B42D-1CCCA6BD08BD}") = "UrlParser", "UrlParser\UrlParser.njsproj", "{2A1A3076-0788-42B5-9E7A-D3F664F101DE}"
EndProject
Global
	GlobalSection(SolutionConfigurationPlatforms) = preSolution
		Debug|Any CPU = Debug|Any CPU
		Release|Any CPU = Release|Any CPU
	EndGlobalSection
	GlobalSection(ProjectConfigurationPlatforms) = postSolution
		{2A1A3076-0788-42B5-9E7A-D3F664F101DE}.Debug|Any CPU.ActiveCfg = Debug|Any CPU
		{2A1A3076-0788-42B5-9E7A-D3F664F101DE}.Debug|Any CPU.Build.0 = Debug|Any CPU
		{2A1A3076-0788-42B5-9E7A-D3F664F101DE}.Release|Any CPU.ActiveCfg = Release|Any CPU
		{2A1A3076-0788-42B5-9E7A-D3F664F101DE}.Release|Any CPU.Build.0 = Release|Any CPU
	EndGlobalSection
	GlobalSection(SolutionProperties) = preSolution
		HideSolutionNode = FALSE
	EndGlobalSection
	GlobalSection(ExtensibilityGlobals) = postSolution
		SolutionGuid = {62C5130D-DE71-4AAD-B8A4-080EB9EC0F9E}
	EndGlobalSection
EndGlobal
