
Microsoft Visual Studio Solution File, Format Version 12.00
# Visual Studio Version 16
VisualStudioVersion = 16.0.31205.134
MinimumVisualStudioVersion = 10.0.40219.1
Project("{9092AA53-FB77-4645-B42D-1CCCA6BD08BD}") = "DatatableNodeJSMongoDB", "DatatableNodeJSMongoDB\DatatableNodeJSMongoDB.njsproj", "{180ED850-B7A6-40A4-90B6-2CB2B7513348}"
EndProject
Project("{9092AA53-FB77-4645-B42D-1CCCA6BD08BD}") = "ProductService", "ProductService\ProductService.njsproj", "{F97A64A5-1394-4C26-98D6-39051A3E9061}"
EndProject
Project("{FAE04EC0-301F-11D3-BF4B-00C04F79EFBC}") = "TestProductService", "TestProductService\TestProductService.csproj", "{C29223E6-5A4C-468C-B459-44BE3B3B75EA}"
EndProject
Global
	GlobalSection(SolutionConfigurationPlatforms) = preSolution
		Debug|Any CPU = Debug|Any CPU
		Release|Any CPU = Release|Any CPU
	EndGlobalSection
	GlobalSection(ProjectConfigurationPlatforms) = postSolution
		{180ED850-B7A6-40A4-90B6-2CB2B7513348}.Debug|Any CPU.ActiveCfg = Debug|Any CPU
		{180ED850-B7A6-40A4-90B6-2CB2B7513348}.Debug|Any CPU.Build.0 = Debug|Any CPU
		{180ED850-B7A6-40A4-90B6-2CB2B7513348}.Release|Any CPU.ActiveCfg = Release|Any CPU
		{180ED850-B7A6-40A4-90B6-2CB2B7513348}.Release|Any CPU.Build.0 = Release|Any CPU
		{F97A64A5-1394-4C26-98D6-39051A3E9061}.Debug|Any CPU.ActiveCfg = Debug|Any CPU
		{F97A64A5-1394-4C26-98D6-39051A3E9061}.Debug|Any CPU.Build.0 = Debug|Any CPU
		{F97A64A5-1394-4C26-98D6-39051A3E9061}.Release|Any CPU.ActiveCfg = Release|Any CPU
		{F97A64A5-1394-4C26-98D6-39051A3E9061}.Release|Any CPU.Build.0 = Release|Any CPU
		{C29223E6-5A4C-468C-B459-44BE3B3B75EA}.Debug|Any CPU.ActiveCfg = Debug|Any CPU
		{C29223E6-5A4C-468C-B459-44BE3B3B75EA}.Debug|Any CPU.Build.0 = Debug|Any CPU
		{C29223E6-5A4C-468C-B459-44BE3B3B75EA}.Release|Any CPU.ActiveCfg = Release|Any CPU
		{C29223E6-5A4C-468C-B459-44BE3B3B75EA}.Release|Any CPU.Build.0 = Release|Any CPU
	EndGlobalSection
	GlobalSection(SolutionProperties) = preSolution
		HideSolutionNode = FALSE
	EndGlobalSection
	GlobalSection(ExtensibilityGlobals) = postSolution
		SolutionGuid = {C18ABEFC-A7A4-458B-8A65-50632FC48775}
	EndGlobalSection
EndGlobal
