
Microsoft Visual Studio Solution File, Format Version 12.00
# Visual Studio Version 16
VisualStudioVersion = 16.0.30717.126
MinimumVisualStudioVersion = 10.0.40219.1
Project("{9092AA53-FB77-4645-B42D-1CCCA6BD08BD}") = "NodejsWebEJS", "NodejsWebEJS\NodejsWebEJS.njsproj", "{D7FF8368-14EF-4967-84D2-A4186CAAF8A1}"
EndProject
Global
	GlobalSection(SolutionConfigurationPlatforms) = preSolution
		Debug|Any CPU = Debug|Any CPU
		Release|Any CPU = Release|Any CPU
	EndGlobalSection
	GlobalSection(ProjectConfigurationPlatforms) = postSolution
		{D7FF8368-14EF-4967-84D2-A4186CAAF8A1}.Debug|Any CPU.ActiveCfg = Debug|Any CPU
		{D7FF8368-14EF-4967-84D2-A4186CAAF8A1}.Debug|Any CPU.Build.0 = Debug|Any CPU
		{D7FF8368-14EF-4967-84D2-A4186CAAF8A1}.Release|Any CPU.ActiveCfg = Release|Any CPU
		{D7FF8368-14EF-4967-84D2-A4186CAAF8A1}.Release|Any CPU.Build.0 = Release|Any CPU
	EndGlobalSection
	GlobalSection(SolutionProperties) = preSolution
		HideSolutionNode = FALSE
	EndGlobalSection
	GlobalSection(ExtensibilityGlobals) = postSolution
		SolutionGuid = {20EF2C10-38AB-4426-8C5C-8E9C49B946EA}
	EndGlobalSection
EndGlobal
