
Microsoft Visual Studio Solution File, Format Version 12.00
# Visual Studio Version 16
VisualStudioVersion = 16.0.29009.5
MinimumVisualStudioVersion = 10.0.40219.1
Project("{9092AA53-FB77-4645-B42D-1CCCA6BD08BD}") = "GlobalProcess", "GlobalProcess\GlobalProcess.njsproj", "{EFD88B9C-D9EB-45D6-AE26-24D0469B4749}"
EndProject
Global
	GlobalSection(SolutionConfigurationPlatforms) = preSolution
		Debug|Any CPU = Debug|Any CPU
		Release|Any CPU = Release|Any CPU
	EndGlobalSection
	GlobalSection(ProjectConfigurationPlatforms) = postSolution
		{EFD88B9C-D9EB-45D6-AE26-24D0469B4749}.Debug|Any CPU.ActiveCfg = Debug|Any CPU
		{EFD88B9C-D9EB-45D6-AE26-24D0469B4749}.Debug|Any CPU.Build.0 = Debug|Any CPU
		{EFD88B9C-D9EB-45D6-AE26-24D0469B4749}.Release|Any CPU.ActiveCfg = Release|Any CPU
		{EFD88B9C-D9EB-45D6-AE26-24D0469B4749}.Release|Any CPU.Build.0 = Release|Any CPU
	EndGlobalSection
	GlobalSection(SolutionProperties) = preSolution
		HideSolutionNode = FALSE
	EndGlobalSection
	GlobalSection(ExtensibilityGlobals) = postSolution
		SolutionGuid = {A71F476D-D0F0-4D1D-B110-9C2DEBCDF697}
	EndGlobalSection
EndGlobal
