
Microsoft Visual Studio Solution File, Format Version 12.00
# Visual Studio Version 16
VisualStudioVersion = 16.0.29009.5
MinimumVisualStudioVersion = 10.0.40219.1
Project("{9092AA53-FB77-4645-B42D-1CCCA6BD08BD}") = "TraceEvents-Environment", "TraceEvents-Environment\TraceEvents-Environment.njsproj", "{10BE4F48-3E58-43A1-9635-5FA0AD889B33}"
EndProject
Global
	GlobalSection(SolutionConfigurationPlatforms) = preSolution
		Debug|Any CPU = Debug|Any CPU
		Release|Any CPU = Release|Any CPU
	EndGlobalSection
	GlobalSection(ProjectConfigurationPlatforms) = postSolution
		{10BE4F48-3E58-43A1-9635-5FA0AD889B33}.Debug|Any CPU.ActiveCfg = Debug|Any CPU
		{10BE4F48-3E58-43A1-9635-5FA0AD889B33}.Debug|Any CPU.Build.0 = Debug|Any CPU
		{10BE4F48-3E58-43A1-9635-5FA0AD889B33}.Release|Any CPU.ActiveCfg = Release|Any CPU
		{10BE4F48-3E58-43A1-9635-5FA0AD889B33}.Release|Any CPU.Build.0 = Release|Any CPU
	EndGlobalSection
	GlobalSection(SolutionProperties) = preSolution
		HideSolutionNode = FALSE
	EndGlobalSection
	GlobalSection(ExtensibilityGlobals) = postSolution
		SolutionGuid = {40DC11B7-2F7F-492E-A220-8657A8A7D79B}
	EndGlobalSection
EndGlobal
