
Microsoft Visual Studio Solution File, Format Version 12.00
# Visual Studio Version 16
VisualStudioVersion = 16.0.31205.134
MinimumVisualStudioVersion = 10.0.40219.1
Project("{9092AA53-FB77-4645-B42D-1CCCA6BD08BD}") = "NodejsWebApp1", "NodejsWebApp1\NodejsWebApp1.njsproj", "{5CB02F0A-0530-4B0B-94B3-DE9A1D58C64C}"
EndProject
Global
	GlobalSection(SolutionConfigurationPlatforms) = preSolution
		Debug|Any CPU = Debug|Any CPU
		Release|Any CPU = Release|Any CPU
	EndGlobalSection
	GlobalSection(ProjectConfigurationPlatforms) = postSolution
		{5CB02F0A-0530-4B0B-94B3-DE9A1D58C64C}.Debug|Any CPU.ActiveCfg = Debug|Any CPU
		{5CB02F0A-0530-4B0B-94B3-DE9A1D58C64C}.Debug|Any CPU.Build.0 = Debug|Any CPU
		{5CB02F0A-0530-4B0B-94B3-DE9A1D58C64C}.Release|Any CPU.ActiveCfg = Release|Any CPU
		{5CB02F0A-0530-4B0B-94B3-DE9A1D58C64C}.Release|Any CPU.Build.0 = Release|Any CPU
	EndGlobalSection
	GlobalSection(SolutionProperties) = preSolution
		HideSolutionNode = FALSE
	EndGlobalSection
	GlobalSection(ExtensibilityGlobals) = postSolution
		SolutionGuid = {60DCB1FA-DCC1-40C0-AF44-07F50617CE3F}
	EndGlobalSection
EndGlobal
