
Microsoft Visual Studio Solution File, Format Version 12.00
# Visual Studio Version 16
VisualStudioVersion = 16.0.28922.388
MinimumVisualStudioVersion = 10.0.40219.1
Project("{9092AA53-FB77-4645-B42D-1CCCA6BD08BD}") = "AsyncHook", "AsyncHook\AsyncHook.njsproj", "{BDDD54BF-944C-415B-9415-AD2EE77C1EAB}"
EndProject
Global
	GlobalSection(SolutionConfigurationPlatforms) = preSolution
		Debug|Any CPU = Debug|Any CPU
		Release|Any CPU = Release|Any CPU
	EndGlobalSection
	GlobalSection(ProjectConfigurationPlatforms) = postSolution
		{BDDD54BF-944C-415B-9415-AD2EE77C1EAB}.Debug|Any CPU.ActiveCfg = Debug|Any CPU
		{BDDD54BF-944C-415B-9415-AD2EE77C1EAB}.Debug|Any CPU.Build.0 = Debug|Any CPU
		{BDDD54BF-944C-415B-9415-AD2EE77C1EAB}.Release|Any CPU.ActiveCfg = Release|Any CPU
		{BDDD54BF-944C-415B-9415-AD2EE77C1EAB}.Release|Any CPU.Build.0 = Release|Any CPU
	EndGlobalSection
	GlobalSection(SolutionProperties) = preSolution
		HideSolutionNode = FALSE
	EndGlobalSection
	GlobalSection(ExtensibilityGlobals) = postSolution
		SolutionGuid = {21903755-2618-4B5F-AEAE-D47F6C85DB32}
	EndGlobalSection
EndGlobal
