
Microsoft Visual Studio Solution File, Format Version 12.00
# Visual Studio Version 16
VisualStudioVersion = 16.0.29001.49
MinimumVisualStudioVersion = 10.0.40219.1
Project("{9092AA53-FB77-4645-B42D-1CCCA6BD08BD}") = "HTTP2Express", "HTTP2Express\HTTP2Express.njsproj", "{B29B33CC-6515-4E9B-A2B0-3D2D610D6A21}"
EndProject
Global
	GlobalSection(SolutionConfigurationPlatforms) = preSolution
		Debug|Any CPU = Debug|Any CPU
		Release|Any CPU = Release|Any CPU
	EndGlobalSection
	GlobalSection(ProjectConfigurationPlatforms) = postSolution
		{B29B33CC-6515-4E9B-A2B0-3D2D610D6A21}.Debug|Any CPU.ActiveCfg = Debug|Any CPU
		{B29B33CC-6515-4E9B-A2B0-3D2D610D6A21}.Debug|Any CPU.Build.0 = Debug|Any CPU
		{B29B33CC-6515-4E9B-A2B0-3D2D610D6A21}.Release|Any CPU.ActiveCfg = Release|Any CPU
		{B29B33CC-6515-4E9B-A2B0-3D2D610D6A21}.Release|Any CPU.Build.0 = Release|Any CPU
	EndGlobalSection
	GlobalSection(SolutionProperties) = preSolution
		HideSolutionNode = FALSE
	EndGlobalSection
	GlobalSection(ExtensibilityGlobals) = postSolution
		SolutionGuid = {7813501D-1658-43C2-922A-912C1AC0065C}
	EndGlobalSection
EndGlobal
