{
  "name": "use-ddos",
  "version": "0.0.0",
  "lockfileVersion": 1,
  "requires": true,
  "dependencies": {
    "ddos": {
      "version": "0.2.1",
      "resolved": "https://registry.npmjs.org/ddos/-/ddos-0.2.1.tgz",
      "integrity": "sha512-IDTS5NBK0PzbYWqXhZyIVkrKGdvC+lEfOUF8HWWDYdvH8pr4s0eQNDNgWmaSQhZWe8GXQcyqujdQXklML4d9LQ=="
    }
  }
}
